
Microsoft Visual Studio Solution File, Format Version 12.00
# Visual Studio 15
VisualStudioVersion = 15.0.27428.2002
MinimumVisualStudioVersion = 10.0.40219.1
Project("{FAE04EC0-301F-11D3-BF4B-00C04F79EFBC}") = "DemoBarcodeLib", "DemoBarcodeLib\DemoBarcodeLib.csproj", "{F7BFE2D3-FF40-4E1F-8A62-990DE04C7FE9}"
EndProject
Project("{2150E333-8FDC-42A3-9474-1A3956D46DE8}") = "OneScript", "OneScript", "{E51D267D-1BBA-47BF-AA5B-C53A164435D9}"
EndProject
Project("{2150E333-8FDC-42A3-9474-1A3956D46DE8}") = "BarcodeLib", "BarcodeLib", "{DAD14C7E-FD48-43CD-8509-82661123B782}"
EndProject
Global
	GlobalSection(SolutionConfigurationPlatforms) = preSolution
		Debug|Any CPU = Debug|Any CPU
		Release|Any CPU = Release|Any CPU
	EndGlobalSection
	GlobalSection(ProjectConfigurationPlatforms) = postSolution
		{F7BFE2D3-FF40-4E1F-8A62-990DE04C7FE9}.Debug|Any CPU.ActiveCfg = Debug|Any CPU
		{F7BFE2D3-FF40-4E1F-8A62-990DE04C7FE9}.Debug|Any CPU.Build.0 = Debug|Any CPU
		{F7BFE2D3-FF40-4E1F-8A62-990DE04C7FE9}.Release|Any CPU.ActiveCfg = Release|Any CPU
		{F7BFE2D3-FF40-4E1F-8A62-990DE04C7FE9}.Release|Any CPU.Build.0 = Release|Any CPU
	EndGlobalSection
	GlobalSection(SolutionProperties) = preSolution
		HideSolutionNode = FALSE
	EndGlobalSection
	GlobalSection(ExtensibilityGlobals) = postSolution
		SolutionGuid = {A18459E6-761F-4467-8DF0-85265AF2D1BB}
	EndGlobalSection
EndGlobal
